
Microsoft Visual Studio Solution File, Format Version 12.00
# Visual Studio 15
VisualStudioVersion = 15.0.27705.2000
MinimumVisualStudioVersion = 10.0.40219.1
Project("{2150E333-8FDC-42A3-9474-1A3956D46DE8}") = "IdentityServerSamples", "IdentityServerSamples", "{F0096952-1024-4BA2-A5B4-143C9C3C75E2}"
EndProject
Project("{FAE04EC0-301F-11D3-BF4B-00C04F79EFBC}") = "User.Api", "User.Api\User.Api.csproj", "{AA56A4D8-9071-4DA1-ADCA-0FE46D9E794D}"
EndProject
Project("{FAE04EC0-301F-11D3-BF4B-00C04F79EFBC}") = "AccessApi.Client", "AccessApi.Client\AccessApi.Client.csproj", "{4BE7B9D4-D298-41D6-8406-ED1672619FD2}"
EndProject
Project("{FAE04EC0-301F-11D3-BF4B-00C04F79EFBC}") = "Ids4.Mvc.Center", "Ids4.Mvc.Center\Ids4.Mvc.Center.csproj", "{0EE8FF30-AE67-4475-892B-D29335E04A85}"
EndProject
Project("{FAE04EC0-301F-11D3-BF4B-00C04F79EFBC}") = "User.Mvc", "User.Mvc\User.Mvc.csproj", "{117A7F68-3FE1-43AD-8127-08BB71ECDC63}"
EndProject
Global
	GlobalSection(SolutionConfigurationPlatforms) = preSolution
		Debug|Any CPU = Debug|Any CPU
		Release|Any CPU = Release|Any CPU
	EndGlobalSection
	GlobalSection(ProjectConfigurationPlatforms) = postSolution
		{AA56A4D8-9071-4DA1-ADCA-0FE46D9E794D}.Debug|Any CPU.ActiveCfg = Debug|Any CPU
		{AA56A4D8-9071-4DA1-ADCA-0FE46D9E794D}.Debug|Any CPU.Build.0 = Debug|Any CPU
		{AA56A4D8-9071-4DA1-ADCA-0FE46D9E794D}.Release|Any CPU.ActiveCfg = Release|Any CPU
		{AA56A4D8-9071-4DA1-ADCA-0FE46D9E794D}.Release|Any CPU.Build.0 = Release|Any CPU
		{4BE7B9D4-D298-41D6-8406-ED1672619FD2}.Debug|Any CPU.ActiveCfg = Debug|Any CPU
		{4BE7B9D4-D298-41D6-8406-ED1672619FD2}.Debug|Any CPU.Build.0 = Debug|Any CPU
		{4BE7B9D4-D298-41D6-8406-ED1672619FD2}.Release|Any CPU.ActiveCfg = Release|Any CPU
		{4BE7B9D4-D298-41D6-8406-ED1672619FD2}.Release|Any CPU.Build.0 = Release|Any CPU
		{0EE8FF30-AE67-4475-892B-D29335E04A85}.Debug|Any CPU.ActiveCfg = Debug|Any CPU
		{0EE8FF30-AE67-4475-892B-D29335E04A85}.Debug|Any CPU.Build.0 = Debug|Any CPU
		{0EE8FF30-AE67-4475-892B-D29335E04A85}.Release|Any CPU.ActiveCfg = Release|Any CPU
		{0EE8FF30-AE67-4475-892B-D29335E04A85}.Release|Any CPU.Build.0 = Release|Any CPU
		{117A7F68-3FE1-43AD-8127-08BB71ECDC63}.Debug|Any CPU.ActiveCfg = Debug|Any CPU
		{117A7F68-3FE1-43AD-8127-08BB71ECDC63}.Debug|Any CPU.Build.0 = Debug|Any CPU
		{117A7F68-3FE1-43AD-8127-08BB71ECDC63}.Release|Any CPU.ActiveCfg = Release|Any CPU
		{117A7F68-3FE1-43AD-8127-08BB71ECDC63}.Release|Any CPU.Build.0 = Release|Any CPU
	EndGlobalSection
	GlobalSection(SolutionProperties) = preSolution
		HideSolutionNode = FALSE
	EndGlobalSection
	GlobalSection(NestedProjects) = preSolution
		{AA56A4D8-9071-4DA1-ADCA-0FE46D9E794D} = {F0096952-1024-4BA2-A5B4-143C9C3C75E2}
		{4BE7B9D4-D298-41D6-8406-ED1672619FD2} = {F0096952-1024-4BA2-A5B4-143C9C3C75E2}
		{0EE8FF30-AE67-4475-892B-D29335E04A85} = {F0096952-1024-4BA2-A5B4-143C9C3C75E2}
		{117A7F68-3FE1-43AD-8127-08BB71ECDC63} = {F0096952-1024-4BA2-A5B4-143C9C3C75E2}
	EndGlobalSection
	GlobalSection(ExtensibilityGlobals) = postSolution
		SolutionGuid = {65752806-9A98-46DD-8587-5EF072AB4B2E}
	EndGlobalSection
EndGlobal
